
Microsoft Visual Studio Solution File, Format Version 12.00
# Visual Studio Version 16
VisualStudioVersion = 16.0.30413.136
MinimumVisualStudioVersion = 10.0.40219.1
Project("{9A19103F-16F7-4668-BE54-9A1E7A4F7556}") = "ConsoleApp", "ConsoleApp\ConsoleApp.csproj", "{27D17391-C757-4A00-9B66-0D87A6DD15A6}"
EndProject
Project("{9A19103F-16F7-4668-BE54-9A1E7A4F7556}") = "SharedLibraries", "SharedLibraries\SharedLibraries.csproj", "{55BD70B6-E4FD-4D1A-9733-241E4115403F}"
EndProject
Global
	GlobalSection(SolutionConfigurationPlatforms) = preSolution
		Debug|Any CPU = Debug|Any CPU
		Debug|ARM = Debug|ARM
		Debug|ARM64 = Debug|ARM64
		Debug|x64 = Debug|x64
		Debug|x86 = Debug|x86
		Release|Any CPU = Release|Any CPU
		Release|ARM = Release|ARM
		Release|ARM64 = Release|ARM64
		Release|x64 = Release|x64
		Release|x86 = Release|x86
	EndGlobalSection
	GlobalSection(ProjectConfigurationPlatforms) = postSolution
		{27D17391-C757-4A00-9B66-0D87A6DD15A6}.Debug|Any CPU.ActiveCfg = Debug|Any CPU
		{27D17391-C757-4A00-9B66-0D87A6DD15A6}.Debug|Any CPU.Build.0 = Debug|Any CPU
		{27D17391-C757-4A00-9B66-0D87A6DD15A6}.Debug|ARM.ActiveCfg = Debug|Any CPU
		{27D17391-C757-4A00-9B66-0D87A6DD15A6}.Debug|ARM.Build.0 = Debug|Any CPU
		{27D17391-C757-4A00-9B66-0D87A6DD15A6}.Debug|ARM64.ActiveCfg = Debug|Any CPU
		{27D17391-C757-4A00-9B66-0D87A6DD15A6}.Debug|ARM64.Build.0 = Debug|Any CPU
		{27D17391-C757-4A00-9B66-0D87A6DD15A6}.Debug|x64.ActiveCfg = Debug|Any CPU
		{27D17391-C757-4A00-9B66-0D87A6DD15A6}.Debug|x64.Build.0 = Debug|Any CPU
		{27D17391-C757-4A00-9B66-0D87A6DD15A6}.Debug|x86.ActiveCfg = Debug|Any CPU
		{27D17391-C757-4A00-9B66-0D87A6DD15A6}.Debug|x86.Build.0 = Debug|Any CPU
		{27D17391-C757-4A00-9B66-0D87A6DD15A6}.Release|Any CPU.ActiveCfg = Release|Any CPU
		{27D17391-C757-4A00-9B66-0D87A6DD15A6}.Release|Any CPU.Build.0 = Release|Any CPU
		{27D17391-C757-4A00-9B66-0D87A6DD15A6}.Release|ARM.ActiveCfg = Release|Any CPU
		{27D17391-C757-4A00-9B66-0D87A6DD15A6}.Release|ARM.Build.0 = Release|Any CPU
		{27D17391-C757-4A00-9B66-0D87A6DD15A6}.Release|ARM64.ActiveCfg = Release|Any CPU
		{27D17391-C757-4A00-9B66-0D87A6DD15A6}.Release|ARM64.Build.0 = Release|Any CPU
		{27D17391-C757-4A00-9B66-0D87A6DD15A6}.Release|x64.ActiveCfg = Release|Any CPU
		{27D17391-C757-4A00-9B66-0D87A6DD15A6}.Release|x64.Build.0 = Release|Any CPU
		{27D17391-C757-4A00-9B66-0D87A6DD15A6}.Release|x86.ActiveCfg = Release|Any CPU
		{27D17391-C757-4A00-9B66-0D87A6DD15A6}.Release|x86.Build.0 = Release|Any CPU
		{55BD70B6-E4FD-4D1A-9733-241E4115403F}.Debug|Any CPU.ActiveCfg = Debug|Any CPU
		{55BD70B6-E4FD-4D1A-9733-241E4115403F}.Debug|Any CPU.Build.0 = Debug|Any CPU
		{55BD70B6-E4FD-4D1A-9733-241E4115403F}.Debug|ARM.ActiveCfg = Debug|Any CPU
		{55BD70B6-E4FD-4D1A-9733-241E4115403F}.Debug|ARM.Build.0 = Debug|Any CPU
		{55BD70B6-E4FD-4D1A-9733-241E4115403F}.Debug|ARM64.ActiveCfg = Debug|Any CPU
		{55BD70B6-E4FD-4D1A-9733-241E4115403F}.Debug|ARM64.Build.0 = Debug|Any CPU
		{55BD70B6-E4FD-4D1A-9733-241E4115403F}.Debug|x64.ActiveCfg = Debug|Any CPU
		{55BD70B6-E4FD-4D1A-9733-241E4115403F}.Debug|x64.Build.0 = Debug|Any CPU
		{55BD70B6-E4FD-4D1A-9733-241E4115403F}.Debug|x86.ActiveCfg = Debug|Any CPU
		{55BD70B6-E4FD-4D1A-9733-241E4115403F}.Debug|x86.Build.0 = Debug|Any CPU
		{55BD70B6-E4FD-4D1A-9733-241E4115403F}.Release|Any CPU.ActiveCfg = Release|Any CPU
		{55BD70B6-E4FD-4D1A-9733-241E4115403F}.Release|Any CPU.Build.0 = Release|Any CPU
		{55BD70B6-E4FD-4D1A-9733-241E4115403F}.Release|ARM.ActiveCfg = Release|Any CPU
		{55BD70B6-E4FD-4D1A-9733-241E4115403F}.Release|ARM.Build.0 = Release|Any CPU
		{55BD70B6-E4FD-4D1A-9733-241E4115403F}.Release|ARM64.ActiveCfg = Release|Any CPU
		{55BD70B6-E4FD-4D1A-9733-241E4115403F}.Release|ARM64.Build.0 = Release|Any CPU
		{55BD70B6-E4FD-4D1A-9733-241E4115403F}.Release|x64.ActiveCfg = Release|Any CPU
		{55BD70B6-E4FD-4D1A-9733-241E4115403F}.Release|x64.Build.0 = Release|Any CPU
		{55BD70B6-E4FD-4D1A-9733-241E4115403F}.Release|x86.ActiveCfg = Release|Any CPU
		{55BD70B6-E4FD-4D1A-9733-241E4115403F}.Release|x86.Build.0 = Release|Any CPU
	EndGlobalSection
	GlobalSection(SolutionProperties) = preSolution
		HideSolutionNode = FALSE
	EndGlobalSection
	GlobalSection(ExtensibilityGlobals) = postSolution
		SolutionGuid = {603B93E1-B67A-4D5C-81C1-39D3A3791934}
	EndGlobalSection
EndGlobal
