
Microsoft Visual Studio Solution File, Format Version 12.00
# Visual Studio Version 16
VisualStudioVersion = 16.0.30413.136
MinimumVisualStudioVersion = 10.0.40219.1
Project("{9A19103F-16F7-4668-BE54-9A1E7A4F7556}") = "ConsoleApp", "ConsoleApp\ConsoleApp.csproj", "{27D17391-C757-4A00-9B66-0D87A6DD15A6}"
EndProject
Project("{9A19103F-16F7-4668-BE54-9A1E7A4F7556}") = "SharedLibraries", "SharedLibraries\SharedLibraries.csproj", "{55BD70B6-E4FD-4D1A-9733-241E4115403F}"
EndProject
Project("{FAE04EC0-301F-11D3-BF4B-00C04F79EFBC}") = "UWPIoT", "UWPIoT\UWPIoT.csproj", "{9C2D1B59-5FBE-466B-8980-1ED7F75238AF}"
EndProject
Project("{FAE04EC0-301F-11D3-BF4B-00C04F79EFBC}") = "SharedLibraryUWP", "SharedLibraryUWP\SharedLibraryUWP.csproj", "{DA9571AF-20FD-488B-8B14-AE43064AB33F}"
EndProject
Global
	GlobalSection(SolutionConfigurationPlatforms) = preSolution
		Debug|Any CPU = Debug|Any CPU
		Debug|ARM = Debug|ARM
		Debug|ARM64 = Debug|ARM64
		Debug|x64 = Debug|x64
		Debug|x86 = Debug|x86
		Release|Any CPU = Release|Any CPU
		Release|ARM = Release|ARM
		Release|ARM64 = Release|ARM64
		Release|x64 = Release|x64
		Release|x86 = Release|x86
	EndGlobalSection
	GlobalSection(ProjectConfigurationPlatforms) = postSolution
		{27D17391-C757-4A00-9B66-0D87A6DD15A6}.Debug|Any CPU.ActiveCfg = Debug|Any CPU
		{27D17391-C757-4A00-9B66-0D87A6DD15A6}.Debug|Any CPU.Build.0 = Debug|Any CPU
		{27D17391-C757-4A00-9B66-0D87A6DD15A6}.Debug|ARM.ActiveCfg = Debug|Any CPU
		{27D17391-C757-4A00-9B66-0D87A6DD15A6}.Debug|ARM.Build.0 = Debug|Any CPU
		{27D17391-C757-4A00-9B66-0D87A6DD15A6}.Debug|ARM64.ActiveCfg = Debug|Any CPU
		{27D17391-C757-4A00-9B66-0D87A6DD15A6}.Debug|ARM64.Build.0 = Debug|Any CPU
		{27D17391-C757-4A00-9B66-0D87A6DD15A6}.Debug|x64.ActiveCfg = Debug|Any CPU
		{27D17391-C757-4A00-9B66-0D87A6DD15A6}.Debug|x64.Build.0 = Debug|Any CPU
		{27D17391-C757-4A00-9B66-0D87A6DD15A6}.Debug|x86.ActiveCfg = Debug|Any CPU
		{27D17391-C757-4A00-9B66-0D87A6DD15A6}.Debug|x86.Build.0 = Debug|Any CPU
		{27D17391-C757-4A00-9B66-0D87A6DD15A6}.Release|Any CPU.ActiveCfg = Release|Any CPU
		{27D17391-C757-4A00-9B66-0D87A6DD15A6}.Release|Any CPU.Build.0 = Release|Any CPU
		{27D17391-C757-4A00-9B66-0D87A6DD15A6}.Release|ARM.ActiveCfg = Release|Any CPU
		{27D17391-C757-4A00-9B66-0D87A6DD15A6}.Release|ARM.Build.0 = Release|Any CPU
		{27D17391-C757-4A00-9B66-0D87A6DD15A6}.Release|ARM64.ActiveCfg = Release|Any CPU
		{27D17391-C757-4A00-9B66-0D87A6DD15A6}.Release|ARM64.Build.0 = Release|Any CPU
		{27D17391-C757-4A00-9B66-0D87A6DD15A6}.Release|x64.ActiveCfg = Release|Any CPU
		{27D17391-C757-4A00-9B66-0D87A6DD15A6}.Release|x64.Build.0 = Release|Any CPU
		{27D17391-C757-4A00-9B66-0D87A6DD15A6}.Release|x86.ActiveCfg = Release|Any CPU
		{27D17391-C757-4A00-9B66-0D87A6DD15A6}.Release|x86.Build.0 = Release|Any CPU
		{55BD70B6-E4FD-4D1A-9733-241E4115403F}.Debug|Any CPU.ActiveCfg = Debug|Any CPU
		{55BD70B6-E4FD-4D1A-9733-241E4115403F}.Debug|Any CPU.Build.0 = Debug|Any CPU
		{55BD70B6-E4FD-4D1A-9733-241E4115403F}.Debug|ARM.ActiveCfg = Debug|Any CPU
		{55BD70B6-E4FD-4D1A-9733-241E4115403F}.Debug|ARM.Build.0 = Debug|Any CPU
		{55BD70B6-E4FD-4D1A-9733-241E4115403F}.Debug|ARM64.ActiveCfg = Debug|Any CPU
		{55BD70B6-E4FD-4D1A-9733-241E4115403F}.Debug|ARM64.Build.0 = Debug|Any CPU
		{55BD70B6-E4FD-4D1A-9733-241E4115403F}.Debug|x64.ActiveCfg = Debug|Any CPU
		{55BD70B6-E4FD-4D1A-9733-241E4115403F}.Debug|x64.Build.0 = Debug|Any CPU
		{55BD70B6-E4FD-4D1A-9733-241E4115403F}.Debug|x86.ActiveCfg = Debug|Any CPU
		{55BD70B6-E4FD-4D1A-9733-241E4115403F}.Debug|x86.Build.0 = Debug|Any CPU
		{55BD70B6-E4FD-4D1A-9733-241E4115403F}.Release|Any CPU.ActiveCfg = Release|Any CPU
		{55BD70B6-E4FD-4D1A-9733-241E4115403F}.Release|Any CPU.Build.0 = Release|Any CPU
		{55BD70B6-E4FD-4D1A-9733-241E4115403F}.Release|ARM.ActiveCfg = Release|Any CPU
		{55BD70B6-E4FD-4D1A-9733-241E4115403F}.Release|ARM.Build.0 = Release|Any CPU
		{55BD70B6-E4FD-4D1A-9733-241E4115403F}.Release|ARM64.ActiveCfg = Release|Any CPU
		{55BD70B6-E4FD-4D1A-9733-241E4115403F}.Release|ARM64.Build.0 = Release|Any CPU
		{55BD70B6-E4FD-4D1A-9733-241E4115403F}.Release|x64.ActiveCfg = Release|Any CPU
		{55BD70B6-E4FD-4D1A-9733-241E4115403F}.Release|x64.Build.0 = Release|Any CPU
		{55BD70B6-E4FD-4D1A-9733-241E4115403F}.Release|x86.ActiveCfg = Release|Any CPU
		{55BD70B6-E4FD-4D1A-9733-241E4115403F}.Release|x86.Build.0 = Release|Any CPU
		{9C2D1B59-5FBE-466B-8980-1ED7F75238AF}.Debug|Any CPU.ActiveCfg = Debug|x86
		{9C2D1B59-5FBE-466B-8980-1ED7F75238AF}.Debug|ARM.ActiveCfg = Debug|ARM
		{9C2D1B59-5FBE-466B-8980-1ED7F75238AF}.Debug|ARM.Build.0 = Debug|ARM
		{9C2D1B59-5FBE-466B-8980-1ED7F75238AF}.Debug|ARM.Deploy.0 = Debug|ARM
		{9C2D1B59-5FBE-466B-8980-1ED7F75238AF}.Debug|ARM64.ActiveCfg = Debug|ARM64
		{9C2D1B59-5FBE-466B-8980-1ED7F75238AF}.Debug|ARM64.Build.0 = Debug|ARM64
		{9C2D1B59-5FBE-466B-8980-1ED7F75238AF}.Debug|ARM64.Deploy.0 = Debug|ARM64
		{9C2D1B59-5FBE-466B-8980-1ED7F75238AF}.Debug|x64.ActiveCfg = Debug|x64
		{9C2D1B59-5FBE-466B-8980-1ED7F75238AF}.Debug|x64.Build.0 = Debug|x64
		{9C2D1B59-5FBE-466B-8980-1ED7F75238AF}.Debug|x64.Deploy.0 = Debug|x64
		{9C2D1B59-5FBE-466B-8980-1ED7F75238AF}.Debug|x86.ActiveCfg = Debug|x86
		{9C2D1B59-5FBE-466B-8980-1ED7F75238AF}.Debug|x86.Build.0 = Debug|x86
		{9C2D1B59-5FBE-466B-8980-1ED7F75238AF}.Debug|x86.Deploy.0 = Debug|x86
		{9C2D1B59-5FBE-466B-8980-1ED7F75238AF}.Release|Any CPU.ActiveCfg = Release|x86
		{9C2D1B59-5FBE-466B-8980-1ED7F75238AF}.Release|ARM.ActiveCfg = Release|ARM
		{9C2D1B59-5FBE-466B-8980-1ED7F75238AF}.Release|ARM.Build.0 = Release|ARM
		{9C2D1B59-5FBE-466B-8980-1ED7F75238AF}.Release|ARM.Deploy.0 = Release|ARM
		{9C2D1B59-5FBE-466B-8980-1ED7F75238AF}.Release|ARM64.ActiveCfg = Release|ARM64
		{9C2D1B59-5FBE-466B-8980-1ED7F75238AF}.Release|ARM64.Build.0 = Release|ARM64
		{9C2D1B59-5FBE-466B-8980-1ED7F75238AF}.Release|ARM64.Deploy.0 = Release|ARM64
		{9C2D1B59-5FBE-466B-8980-1ED7F75238AF}.Release|x64.ActiveCfg = Release|x64
		{9C2D1B59-5FBE-466B-8980-1ED7F75238AF}.Release|x64.Build.0 = Release|x64
		{9C2D1B59-5FBE-466B-8980-1ED7F75238AF}.Release|x64.Deploy.0 = Release|x64
		{9C2D1B59-5FBE-466B-8980-1ED7F75238AF}.Release|x86.ActiveCfg = Release|x86
		{9C2D1B59-5FBE-466B-8980-1ED7F75238AF}.Release|x86.Build.0 = Release|x86
		{9C2D1B59-5FBE-466B-8980-1ED7F75238AF}.Release|x86.Deploy.0 = Release|x86
		{DA9571AF-20FD-488B-8B14-AE43064AB33F}.Debug|Any CPU.ActiveCfg = Debug|Any CPU
		{DA9571AF-20FD-488B-8B14-AE43064AB33F}.Debug|Any CPU.Build.0 = Debug|Any CPU
		{DA9571AF-20FD-488B-8B14-AE43064AB33F}.Debug|ARM.ActiveCfg = Debug|ARM
		{DA9571AF-20FD-488B-8B14-AE43064AB33F}.Debug|ARM.Build.0 = Debug|ARM
		{DA9571AF-20FD-488B-8B14-AE43064AB33F}.Debug|ARM64.ActiveCfg = Debug|ARM64
		{DA9571AF-20FD-488B-8B14-AE43064AB33F}.Debug|ARM64.Build.0 = Debug|ARM64
		{DA9571AF-20FD-488B-8B14-AE43064AB33F}.Debug|x64.ActiveCfg = Debug|x64
		{DA9571AF-20FD-488B-8B14-AE43064AB33F}.Debug|x64.Build.0 = Debug|x64
		{DA9571AF-20FD-488B-8B14-AE43064AB33F}.Debug|x86.ActiveCfg = Debug|x86
		{DA9571AF-20FD-488B-8B14-AE43064AB33F}.Debug|x86.Build.0 = Debug|x86
		{DA9571AF-20FD-488B-8B14-AE43064AB33F}.Release|Any CPU.ActiveCfg = Release|Any CPU
		{DA9571AF-20FD-488B-8B14-AE43064AB33F}.Release|Any CPU.Build.0 = Release|Any CPU
		{DA9571AF-20FD-488B-8B14-AE43064AB33F}.Release|ARM.ActiveCfg = Release|ARM
		{DA9571AF-20FD-488B-8B14-AE43064AB33F}.Release|ARM.Build.0 = Release|ARM
		{DA9571AF-20FD-488B-8B14-AE43064AB33F}.Release|ARM64.ActiveCfg = Release|ARM64
		{DA9571AF-20FD-488B-8B14-AE43064AB33F}.Release|ARM64.Build.0 = Release|ARM64
		{DA9571AF-20FD-488B-8B14-AE43064AB33F}.Release|x64.ActiveCfg = Release|x64
		{DA9571AF-20FD-488B-8B14-AE43064AB33F}.Release|x64.Build.0 = Release|x64
		{DA9571AF-20FD-488B-8B14-AE43064AB33F}.Release|x86.ActiveCfg = Release|x86
		{DA9571AF-20FD-488B-8B14-AE43064AB33F}.Release|x86.Build.0 = Release|x86
	EndGlobalSection
	GlobalSection(SolutionProperties) = preSolution
		HideSolutionNode = FALSE
	EndGlobalSection
	GlobalSection(ExtensibilityGlobals) = postSolution
		SolutionGuid = {603B93E1-B67A-4D5C-81C1-39D3A3791934}
	EndGlobalSection
EndGlobal
